
Microsoft Visual Studio Solution File, Format Version 12.00
# Visual Studio Version 16
VisualStudioVersion = 16.0.30717.126
MinimumVisualStudioVersion = 10.0.40219.1
Project("{FAE04EC0-301F-11D3-BF4B-00C04F79EFBC}") = "UsingInsideOrOusideNamespace", "UsingInsideOrOusideNamespace\UsingInsideOrOusideNamespace.csproj", "{28EEB0D5-4FCA-4879-8F97-4880A27B9E4F}"
EndProject
Global
	GlobalSection(SolutionConfigurationPlatforms) = preSolution
		Debug|Any CPU = Debug|Any CPU
		Release|Any CPU = Release|Any CPU
	EndGlobalSection
	GlobalSection(ProjectConfigurationPlatforms) = postSolution
		{28EEB0D5-4FCA-4879-8F97-4880A27B9E4F}.Debug|Any CPU.ActiveCfg = Debug|Any CPU
		{28EEB0D5-4FCA-4879-8F97-4880A27B9E4F}.Debug|Any CPU.Build.0 = Debug|Any CPU
		{28EEB0D5-4FCA-4879-8F97-4880A27B9E4F}.Release|Any CPU.ActiveCfg = Release|Any CPU
		{28EEB0D5-4FCA-4879-8F97-4880A27B9E4F}.Release|Any CPU.Build.0 = Release|Any CPU
	EndGlobalSection
	GlobalSection(SolutionProperties) = preSolution
		HideSolutionNode = FALSE
	EndGlobalSection
	GlobalSection(ExtensibilityGlobals) = postSolution
		SolutionGuid = {F77DE9AD-ADC0-4E84-9AEB-45432EECB3C7}
	EndGlobalSection
EndGlobal
